
Microsoft Visual Studio Solution File, Format Version 12.00
# Visual Studio Version 17
VisualStudioVersion = 17.4.33403.182
MinimumVisualStudioVersion = 10.0.40219.1
Project("{FAE04EC0-301F-11D3-BF4B-00C04F79EFBC}") = "MILAV", "MILAV.csproj", "{687EE5AD-BE34-4FB7-A047-F33E05289392}"
EndProject
Global
	GlobalSection(SolutionConfigurationPlatforms) = preSolution
		Debug|Any CPU = Debug|Any CPU
		Release|Any CPU = Release|Any CPU
	EndGlobalSection
	GlobalSection(ProjectConfigurationPlatforms) = postSolution
		{687EE5AD-BE34-4FB7-A047-F33E05289392}.Debug|Any CPU.ActiveCfg = Debug|Any CPU
		{687EE5AD-BE34-4FB7-A047-F33E05289392}.Debug|Any CPU.Build.0 = Debug|Any CPU
		{687EE5AD-BE34-4FB7-A047-F33E05289392}.Release|Any CPU.ActiveCfg = Release|Any CPU
		{687EE5AD-BE34-4FB7-A047-F33E05289392}.Release|Any CPU.Build.0 = Release|Any CPU
	EndGlobalSection
	GlobalSection(SolutionProperties) = preSolution
		HideSolutionNode = FALSE
	EndGlobalSection
	GlobalSection(ExtensibilityGlobals) = postSolution
		SolutionGuid = {0E30A15E-71EB-4619-831D-4CFE25183343}
	EndGlobalSection
EndGlobal
